<?xml version="1.0" encoding="utf-8"?>
<Project ToolsVersion="4.0" xmlns="http://schemas.microsoft.com/developer/msbuild/2003">
  <ItemGroup>
    <Filter Include="Source Files">
      <UniqueIdentifier>{4FC737F1-C7A5-4376-A066-2A32D752A2FF}</UniqueIdentifier>
      <Extensions>cpp;c;cc;cxx;def;odl;idl;hpj;bat;asm;asmx</Extensions>
    </Filter>
    <Filter Include="Header Files">
      <UniqueIdentifier>{93995380-89BD-4b04-88EB-625FBE52EBFB}</UniqueIdentifier>
      <Extensions>h;hpp;hxx;hm;inl;inc;xsd</Extensions>
    </Filter>
    <Filter Include="Resource Files">
      <UniqueIdentifier>{67DA6AB6-F800-4c08-8B7A-83BB121AAD01}</UniqueIdentifier>
      <Extensions>rc;ico;cur;bmp;dlg;rc2;rct;bin;rgs;gif;jpg;jpeg;jpe;resx;tiff;tif;png;wav;mfcribbon-ms</Extensions>
    </Filter>
    <Filter Include="Header Files\Papageno">
      <UniqueIdentifier>{2e0b54a1-5b98-4829-af64-6197a40c17be}</UniqueIdentifier>
    </Filter>
    <Filter Include="Header Files\Common">
      <UniqueIdentifier>{5af37319-01d4-486f-8f8a-67d359fa5e74}</UniqueIdentifier>
    </Filter>
    <Filter Include="Header Files\Math">
      <UniqueIdentifier>{6b52e476-096f-4d21-9e75-42bec879e88a}</UniqueIdentifier>
    </Filter>
    <Filter Include="Header Files\Graphics">
      <UniqueIdentifier>{eb00d1f2-f999-49df-b989-e6bef407c7ea}</UniqueIdentifier>
    </Filter>
    <Filter Include="Header Files\States">
      <UniqueIdentifier>{f6c5c31f-86e2-4eb7-98d4-ecdd86d81a67}</UniqueIdentifier>
    </Filter>
    <Filter Include="Header Files\Objects">
      <UniqueIdentifier>{fbe03791-18bd-4f2e-a2cc-0c5343d18d1f}</UniqueIdentifier>
    </Filter>
    <Filter Include="Header Files\Objects\Weapons">
      <UniqueIdentifier>{7d3ce7fa-9a66-4e2d-b9d8-86fb8487e6f5}</UniqueIdentifier>
    </Filter>
  </ItemGroup>
  <ItemGroup>
    <ClCompile Include="Arbiter.cpp">
      <Filter>Header Files\Papageno</Filter>
    </ClCompile>
    <ClCompile Include="RigidBody.cpp">
      <Filter>Header Files\Papageno</Filter>
    </ClCompile>
    <ClCompile Include="World.cpp">
      <Filter>Header Files\Papageno</Filter>
    </ClCompile>
    <ClCompile Include="Game.cpp">
      <Filter>Source Files</Filter>
    </ClCompile>
    <ClCompile Include="DirectInput.cpp">
      <Filter>Header Files\Common</Filter>
    </ClCompile>
    <ClCompile Include="GfxStats.cpp">
      <Filter>Header Files\Common</Filter>
    </ClCompile>
    <ClCompile Include="Runnable.cpp">
      <Filter>Header Files\Common</Filter>
    </ClCompile>
    <ClCompile Include="Collision.cpp">
      <Filter>Header Files\Math</Filter>
    </ClCompile>
    <ClCompile Include="Shape.cpp">
      <Filter>Header Files\Math</Filter>
    </ClCompile>
    <ClCompile Include="Camera.cpp">
      <Filter>Header Files\Graphics</Filter>
    </ClCompile>
    <ClCompile Include="Graphics.cpp">
      <Filter>Header Files\Graphics</Filter>
    </ClCompile>
    <ClCompile Include="Vertex.cpp">
      <Filter>Header Files\Graphics</Filter>
    </ClCompile>
    <ClCompile Include="Effects.cpp">
      <Filter>Header Files\Graphics</Filter>
    </ClCompile>
    <ClCompile Include="PlayState.cpp">
      <Filter>Header Files\States</Filter>
    </ClCompile>
    <ClCompile Include="Object.cpp">
      <Filter>Header Files\Objects</Filter>
    </ClCompile>
    <ClCompile Include="Level.cpp">
      <Filter>Source Files</Filter>
    </ClCompile>
    <ClCompile Include="Player.cpp">
      <Filter>Header Files\Objects</Filter>
    </ClCompile>
    <ClCompile Include="Animation.cpp">
      <Filter>Header Files\Graphics</Filter>
    </ClCompile>
    <ClCompile Include="RangedWeapon.cpp">
      <Filter>Header Files\Objects\Weapons</Filter>
    </ClCompile>
    <ClCompile Include="Projectile.cpp">
      <Filter>Header Files\Objects\Weapons</Filter>
    </ClCompile>
  </ItemGroup>
  <ItemGroup>
    <ClInclude Include="Arbiter.h">
      <Filter>Header Files\Papageno</Filter>
    </ClInclude>
    <ClInclude Include="RigidBody.h">
      <Filter>Header Files\Papageno</Filter>
    </ClInclude>
    <ClInclude Include="World.h">
      <Filter>Header Files\Papageno</Filter>
    </ClInclude>
    <ClInclude Include="Game.h">
      <Filter>Header Files</Filter>
    </ClInclude>
    <ClInclude Include="d3dUtil.h">
      <Filter>Header Files\Common</Filter>
    </ClInclude>
    <ClInclude Include="DirectInput.h">
      <Filter>Header Files\Common</Filter>
    </ClInclude>
    <ClInclude Include="GfxStats.h">
      <Filter>Header Files\Common</Filter>
    </ClInclude>
    <ClInclude Include="Runnable.h">
      <Filter>Header Files\Common</Filter>
    </ClInclude>
    <ClInclude Include="Maths.h">
      <Filter>Header Files\Math</Filter>
    </ClInclude>
    <ClInclude Include="Shape.h">
      <Filter>Header Files\Math</Filter>
    </ClInclude>
    <ClInclude Include="Vector.h">
      <Filter>Header Files\Math</Filter>
    </ClInclude>
    <ClInclude Include="Camera.h">
      <Filter>Header Files\Graphics</Filter>
    </ClInclude>
    <ClInclude Include="Graphics.h">
      <Filter>Header Files\Graphics</Filter>
    </ClInclude>
    <ClInclude Include="Vertex.h">
      <Filter>Header Files\Graphics</Filter>
    </ClInclude>
    <ClInclude Include="Effects.h">
      <Filter>Header Files\Graphics</Filter>
    </ClInclude>
    <ClInclude Include="PlayState.h">
      <Filter>Header Files\States</Filter>
    </ClInclude>
    <ClInclude Include="GameState.h">
      <Filter>Header Files\States</Filter>
    </ClInclude>
    <ClInclude Include="Level.h">
      <Filter>Header Files</Filter>
    </ClInclude>
    <ClInclude Include="Object.h">
      <Filter>Header Files\Objects</Filter>
    </ClInclude>
    <ClInclude Include="Player.h">
      <Filter>Header Files\Objects</Filter>
    </ClInclude>
    <ClInclude Include="Enums.h">
      <Filter>Header Files</Filter>
    </ClInclude>
    <ClInclude Include="Animation.h">
      <Filter>Header Files\Graphics</Filter>
    </ClInclude>
    <ClInclude Include="RangedWeapon.h">
      <Filter>Header Files\Objects\Weapons</Filter>
    </ClInclude>
    <ClInclude Include="Projectile.h">
      <Filter>Header Files\Objects\Weapons</Filter>
    </ClInclude>
  </ItemGroup>
</Project>